
Microsoft Visual Studio Solution File, Format Version 12.00
# Visual Studio Version 16
VisualStudioVersion = 16.0.30225.117
MinimumVisualStudioVersion = 10.0.40219.1
Project("{FAE04EC0-301F-11D3-BF4B-00C04F79EFBC}") = "WPFFirstApplication", "WPFFirstApplication\WPFFirstApplication.csproj", "{CE3C9976-4F0C-451D-911A-27D5B7A758F8}"
EndProject
Global
	GlobalSection(SolutionConfigurationPlatforms) = preSolution
		Debug|Any CPU = Debug|Any CPU
		Release|Any CPU = Release|Any CPU
	EndGlobalSection
	GlobalSection(ProjectConfigurationPlatforms) = postSolution
		{CE3C9976-4F0C-451D-911A-27D5B7A758F8}.Debug|Any CPU.ActiveCfg = Debug|Any CPU
		{CE3C9976-4F0C-451D-911A-27D5B7A758F8}.Debug|Any CPU.Build.0 = Debug|Any CPU
		{CE3C9976-4F0C-451D-911A-27D5B7A758F8}.Release|Any CPU.ActiveCfg = Release|Any CPU
		{CE3C9976-4F0C-451D-911A-27D5B7A758F8}.Release|Any CPU.Build.0 = Release|Any CPU
	EndGlobalSection
	GlobalSection(SolutionProperties) = preSolution
		HideSolutionNode = FALSE
	EndGlobalSection
	GlobalSection(ExtensibilityGlobals) = postSolution
		SolutionGuid = {51D8216A-A08C-49F3-A9D7-17E94CE90C8F}
	EndGlobalSection
EndGlobal
